
Microsoft Visual Studio Solution File, Format Version 12.00
# Visual Studio Version 16
VisualStudioVersion = 16.0.29411.108
MinimumVisualStudioVersion = 10.0.40219.1
Project("{9A19103F-16F7-4668-BE54-9A1E7A4F7556}") = "Sql.Analyzer", "Sql.Analyzer\Sql.Analyzer\Sql.Analyzer.csproj", "{D0D603A9-CD83-4437-AEAE-E393704BEE67}"
EndProject
Project("{9A19103F-16F7-4668-BE54-9A1E7A4F7556}") = "Sql.Analyzer.Test", "Sql.Analyzer\Sql.Analyzer.Test\Sql.Analyzer.Test.csproj", "{400F3C22-A769-416F-82BE-F38ED4A935D9}"
EndProject
Project("{FAE04EC0-301F-11D3-BF4B-00C04F79EFBC}") = "Sql.Analyzer.Vsix", "Sql.Analyzer\Sql.Analyzer.Vsix\Sql.Analyzer.Vsix.csproj", "{DE372B5D-B2D2-41B1-A88F-A3D7B651FF29}"
EndProject
Project("{2150E333-8FDC-42A3-9474-1A3956D46DE8}") = "Solution Items", "Solution Items", "{8677C437-092B-4C06-8E9C-DD32EE0F4109}"
	ProjectSection(SolutionItems) = preProject
		..\appveyor.yml = ..\appveyor.yml
		..\build.cake = ..\build.cake
		..\README.md = ..\README.md
	EndProjectSection
EndProject
Project("{9A19103F-16F7-4668-BE54-9A1E7A4F7556}") = "Sql.Analyzer.UnitTests", "Sql.Analyzer.UnitTests\Sql.Analyzer.UnitTests.csproj", "{939D09D8-00A8-4917-A9AE-D65FB5252EC0}"
EndProject
Global
	GlobalSection(SolutionConfigurationPlatforms) = preSolution
		Debug|Any CPU = Debug|Any CPU
		Release|Any CPU = Release|Any CPU
	EndGlobalSection
	GlobalSection(ProjectConfigurationPlatforms) = postSolution
		{D0D603A9-CD83-4437-AEAE-E393704BEE67}.Debug|Any CPU.ActiveCfg = Debug|Any CPU
		{D0D603A9-CD83-4437-AEAE-E393704BEE67}.Debug|Any CPU.Build.0 = Debug|Any CPU
		{D0D603A9-CD83-4437-AEAE-E393704BEE67}.Release|Any CPU.ActiveCfg = Release|Any CPU
		{D0D603A9-CD83-4437-AEAE-E393704BEE67}.Release|Any CPU.Build.0 = Release|Any CPU
		{400F3C22-A769-416F-82BE-F38ED4A935D9}.Debug|Any CPU.ActiveCfg = Debug|Any CPU
		{400F3C22-A769-416F-82BE-F38ED4A935D9}.Debug|Any CPU.Build.0 = Debug|Any CPU
		{400F3C22-A769-416F-82BE-F38ED4A935D9}.Release|Any CPU.ActiveCfg = Release|Any CPU
		{400F3C22-A769-416F-82BE-F38ED4A935D9}.Release|Any CPU.Build.0 = Release|Any CPU
		{DE372B5D-B2D2-41B1-A88F-A3D7B651FF29}.Debug|Any CPU.ActiveCfg = Debug|Any CPU
		{DE372B5D-B2D2-41B1-A88F-A3D7B651FF29}.Debug|Any CPU.Build.0 = Debug|Any CPU
		{DE372B5D-B2D2-41B1-A88F-A3D7B651FF29}.Release|Any CPU.ActiveCfg = Release|Any CPU
		{DE372B5D-B2D2-41B1-A88F-A3D7B651FF29}.Release|Any CPU.Build.0 = Release|Any CPU
		{939D09D8-00A8-4917-A9AE-D65FB5252EC0}.Debug|Any CPU.ActiveCfg = Debug|Any CPU
		{939D09D8-00A8-4917-A9AE-D65FB5252EC0}.Debug|Any CPU.Build.0 = Debug|Any CPU
		{939D09D8-00A8-4917-A9AE-D65FB5252EC0}.Release|Any CPU.ActiveCfg = Release|Any CPU
		{939D09D8-00A8-4917-A9AE-D65FB5252EC0}.Release|Any CPU.Build.0 = Release|Any CPU
	EndGlobalSection
	GlobalSection(SolutionProperties) = preSolution
		HideSolutionNode = FALSE
	EndGlobalSection
	GlobalSection(ExtensibilityGlobals) = postSolution
		SolutionGuid = {4423266A-7689-4B44-824A-56F34B531481}
	EndGlobalSection
EndGlobal
